
Microsoft Visual Studio Solution File, Format Version 12.00
# Visual Studio 2015
Project("{FAE04EC0-301F-11D3-BF4B-00C04F79EFBC}") = "DaydreamRenderer", "DaydreamRenderer.csproj", "{17345927-8542-FC7A-383B-95F67AE5DF8C}"
EndProject
Project("{FAE04EC0-301F-11D3-BF4B-00C04F79EFBC}") = "DaydreamRenderer.Editor", "DaydreamRenderer.Editor.csproj", "{D0B2A21F-7292-60AA-D035-4C12A501923A}"
EndProject
Global
	GlobalSection(SolutionConfigurationPlatforms) = preSolution
		Debug|Any CPU = Debug|Any CPU
		Release|Any CPU = Release|Any CPU
	EndGlobalSection
	GlobalSection(ProjectConfigurationPlatforms) = postSolution
		{17345927-8542-FC7A-383B-95F67AE5DF8C}.Debug|Any CPU.ActiveCfg = Debug|Any CPU
		{17345927-8542-FC7A-383B-95F67AE5DF8C}.Debug|Any CPU.Build.0 = Debug|Any CPU
		{17345927-8542-FC7A-383B-95F67AE5DF8C}.Release|Any CPU.ActiveCfg = Release|Any CPU
		{17345927-8542-FC7A-383B-95F67AE5DF8C}.Release|Any CPU.Build.0 = Release|Any CPU
		{D0B2A21F-7292-60AA-D035-4C12A501923A}.Debug|Any CPU.ActiveCfg = Debug|Any CPU
		{D0B2A21F-7292-60AA-D035-4C12A501923A}.Debug|Any CPU.Build.0 = Debug|Any CPU
		{D0B2A21F-7292-60AA-D035-4C12A501923A}.Release|Any CPU.ActiveCfg = Release|Any CPU
		{D0B2A21F-7292-60AA-D035-4C12A501923A}.Release|Any CPU.Build.0 = Release|Any CPU
	EndGlobalSection
	GlobalSection(SolutionProperties) = preSolution
		HideSolutionNode = FALSE
	EndGlobalSection
EndGlobal
